
Microsoft Visual Studio Solution File, Format Version 12.00
# Visual Studio Version 16
VisualStudioVersion = 16.0.30804.86
MinimumVisualStudioVersion = 10.0.40219.1
Project("{FAE04EC0-301F-11D3-BF4B-00C04F79EFBC}") = "LibraryForHomework", "LibraryForHomework.csproj", "{09755048-F4D6-4C0A-AE28-4739B7C68167}"
EndProject
Global
	GlobalSection(SolutionConfigurationPlatforms) = preSolution
		Debug|Any CPU = Debug|Any CPU
		Release|Any CPU = Release|Any CPU
	EndGlobalSection
	GlobalSection(ProjectConfigurationPlatforms) = postSolution
		{09755048-F4D6-4C0A-AE28-4739B7C68167}.Debug|Any CPU.ActiveCfg = Debug|Any CPU
		{09755048-F4D6-4C0A-AE28-4739B7C68167}.Debug|Any CPU.Build.0 = Debug|Any CPU
		{09755048-F4D6-4C0A-AE28-4739B7C68167}.Release|Any CPU.ActiveCfg = Release|Any CPU
		{09755048-F4D6-4C0A-AE28-4739B7C68167}.Release|Any CPU.Build.0 = Release|Any CPU
	EndGlobalSection
	GlobalSection(SolutionProperties) = preSolution
		HideSolutionNode = FALSE
	EndGlobalSection
	GlobalSection(ExtensibilityGlobals) = postSolution
		SolutionGuid = {3D5907C8-A952-4E56-8447-FF0B8B4607A6}
	EndGlobalSection
EndGlobal
