
Microsoft Visual Studio Solution File, Format Version 12.00
# Visual Studio Version 16
VisualStudioVersion = 16.0.30804.86
MinimumVisualStudioVersion = 10.0.40219.1
Project("{9A19103F-16F7-4668-BE54-9A1E7A4F7556}") = "Lesson1", "Lesson1.csproj", "{88BC62D7-D56E-434B-A7C4-C230C07EDF58}"
EndProject
Project("{9A19103F-16F7-4668-BE54-9A1E7A4F7556}") = "Lesson2.1", "..\Lesson02\Lesson2.1.csproj", "{5FA5285C-ECB1-4BBB-B6AE-EFF00A9D6C18}"
EndProject
Project("{2150E333-8FDC-42A3-9474-1A3956D46DE8}") = "Lesson02", "Lesson02", "{C81AC5F5-8C24-4B51-A05B-DE222BDF25AE}"
EndProject
Project("{9A19103F-16F7-4668-BE54-9A1E7A4F7556}") = "Lesson2.2", "..\Lesson2.2\Lesson2.2.csproj", "{305DD743-F6B8-4426-ADE5-0E355A19ECB1}"
EndProject
Project("{9A19103F-16F7-4668-BE54-9A1E7A4F7556}") = "Lesson2.3", "..\Lesson2.3\Lesson2.3.csproj", "{B23BA8BB-612B-4AE5-A944-FA26E2B3E9C5}"
EndProject
Project("{9A19103F-16F7-4668-BE54-9A1E7A4F7556}") = "Lesson2.4", "..\Lesson2.4\Lesson2.4.csproj", "{61E390FB-ABB1-44D2-9AE7-310C680F0CA8}"
EndProject
Project("{2150E333-8FDC-42A3-9474-1A3956D46DE8}") = "Lesson01", "Lesson01", "{000D0F95-BBEA-49CC-8C63-FB77297F7BBA}"
EndProject
Project("{2150E333-8FDC-42A3-9474-1A3956D46DE8}") = "Lesson03", "Lesson03", "{6E2D7B69-F7EC-44D9-9259-7BC697732085}"
EndProject
Project("{9A19103F-16F7-4668-BE54-9A1E7A4F7556}") = "Lesson2.5", "..\Lesson2.5\Lesson2.5.csproj", "{2562AD30-F39D-44E6-BE03-328DFE4A3029}"
EndProject
Project("{FAE04EC0-301F-11D3-BF4B-00C04F79EFBC}") = "DopDZ", "..\DopDZ\DopDZ.csproj", "{FF5BD3ED-2E98-4D81-A44B-CD3FF9D22885}"
EndProject
Global
	GlobalSection(SolutionConfigurationPlatforms) = preSolution
		Debug|Any CPU = Debug|Any CPU
		Release|Any CPU = Release|Any CPU
	EndGlobalSection
	GlobalSection(ProjectConfigurationPlatforms) = postSolution
		{88BC62D7-D56E-434B-A7C4-C230C07EDF58}.Debug|Any CPU.ActiveCfg = Debug|Any CPU
		{88BC62D7-D56E-434B-A7C4-C230C07EDF58}.Debug|Any CPU.Build.0 = Debug|Any CPU
		{88BC62D7-D56E-434B-A7C4-C230C07EDF58}.Release|Any CPU.ActiveCfg = Release|Any CPU
		{88BC62D7-D56E-434B-A7C4-C230C07EDF58}.Release|Any CPU.Build.0 = Release|Any CPU
		{5FA5285C-ECB1-4BBB-B6AE-EFF00A9D6C18}.Debug|Any CPU.ActiveCfg = Debug|Any CPU
		{5FA5285C-ECB1-4BBB-B6AE-EFF00A9D6C18}.Debug|Any CPU.Build.0 = Debug|Any CPU
		{5FA5285C-ECB1-4BBB-B6AE-EFF00A9D6C18}.Release|Any CPU.ActiveCfg = Release|Any CPU
		{5FA5285C-ECB1-4BBB-B6AE-EFF00A9D6C18}.Release|Any CPU.Build.0 = Release|Any CPU
		{305DD743-F6B8-4426-ADE5-0E355A19ECB1}.Debug|Any CPU.ActiveCfg = Debug|Any CPU
		{305DD743-F6B8-4426-ADE5-0E355A19ECB1}.Debug|Any CPU.Build.0 = Debug|Any CPU
		{305DD743-F6B8-4426-ADE5-0E355A19ECB1}.Release|Any CPU.ActiveCfg = Release|Any CPU
		{305DD743-F6B8-4426-ADE5-0E355A19ECB1}.Release|Any CPU.Build.0 = Release|Any CPU
		{B23BA8BB-612B-4AE5-A944-FA26E2B3E9C5}.Debug|Any CPU.ActiveCfg = Debug|Any CPU
		{B23BA8BB-612B-4AE5-A944-FA26E2B3E9C5}.Debug|Any CPU.Build.0 = Debug|Any CPU
		{B23BA8BB-612B-4AE5-A944-FA26E2B3E9C5}.Release|Any CPU.ActiveCfg = Release|Any CPU
		{B23BA8BB-612B-4AE5-A944-FA26E2B3E9C5}.Release|Any CPU.Build.0 = Release|Any CPU
		{61E390FB-ABB1-44D2-9AE7-310C680F0CA8}.Debug|Any CPU.ActiveCfg = Debug|Any CPU
		{61E390FB-ABB1-44D2-9AE7-310C680F0CA8}.Debug|Any CPU.Build.0 = Debug|Any CPU
		{61E390FB-ABB1-44D2-9AE7-310C680F0CA8}.Release|Any CPU.ActiveCfg = Release|Any CPU
		{61E390FB-ABB1-44D2-9AE7-310C680F0CA8}.Release|Any CPU.Build.0 = Release|Any CPU
		{2562AD30-F39D-44E6-BE03-328DFE4A3029}.Debug|Any CPU.ActiveCfg = Debug|Any CPU
		{2562AD30-F39D-44E6-BE03-328DFE4A3029}.Debug|Any CPU.Build.0 = Debug|Any CPU
		{2562AD30-F39D-44E6-BE03-328DFE4A3029}.Release|Any CPU.ActiveCfg = Release|Any CPU
		{2562AD30-F39D-44E6-BE03-328DFE4A3029}.Release|Any CPU.Build.0 = Release|Any CPU
		{FF5BD3ED-2E98-4D81-A44B-CD3FF9D22885}.Debug|Any CPU.ActiveCfg = Debug|Any CPU
		{FF5BD3ED-2E98-4D81-A44B-CD3FF9D22885}.Debug|Any CPU.Build.0 = Debug|Any CPU
		{FF5BD3ED-2E98-4D81-A44B-CD3FF9D22885}.Release|Any CPU.ActiveCfg = Release|Any CPU
		{FF5BD3ED-2E98-4D81-A44B-CD3FF9D22885}.Release|Any CPU.Build.0 = Release|Any CPU
	EndGlobalSection
	GlobalSection(SolutionProperties) = preSolution
		HideSolutionNode = FALSE
	EndGlobalSection
	GlobalSection(NestedProjects) = preSolution
		{88BC62D7-D56E-434B-A7C4-C230C07EDF58} = {000D0F95-BBEA-49CC-8C63-FB77297F7BBA}
		{5FA5285C-ECB1-4BBB-B6AE-EFF00A9D6C18} = {C81AC5F5-8C24-4B51-A05B-DE222BDF25AE}
		{305DD743-F6B8-4426-ADE5-0E355A19ECB1} = {C81AC5F5-8C24-4B51-A05B-DE222BDF25AE}
		{B23BA8BB-612B-4AE5-A944-FA26E2B3E9C5} = {C81AC5F5-8C24-4B51-A05B-DE222BDF25AE}
		{61E390FB-ABB1-44D2-9AE7-310C680F0CA8} = {C81AC5F5-8C24-4B51-A05B-DE222BDF25AE}
		{2562AD30-F39D-44E6-BE03-328DFE4A3029} = {C81AC5F5-8C24-4B51-A05B-DE222BDF25AE}
		{FF5BD3ED-2E98-4D81-A44B-CD3FF9D22885} = {C81AC5F5-8C24-4B51-A05B-DE222BDF25AE}
	EndGlobalSection
	GlobalSection(ExtensibilityGlobals) = postSolution
		SolutionGuid = {F9A32B42-475C-43FC-BA8D-89241B591F94}
	EndGlobalSection
EndGlobal
